// !$*UTF8*$!
{
	archiveVersion = 1;
	classes = {
	};
	objectVersion = 50;
	objects = {

/* Begin PBXBuildFile section */
		79C09E5325E7E7630045CF6C /* AppDelegate.swift in Sources */ = {isa = PBXBuildFile; fileRef = 79C09E5225E7E7630045CF6C /* AppDelegate.swift */; };
		79C09E5525E7E7630045CF6C /* SceneDelegate.swift in Sources */ = {isa = PBXBuildFile; fileRef = 79C09E5425E7E7630045CF6C /* SceneDelegate.swift */; };
		79C09E5725E7E7630045CF6C /* ViewController.swift in Sources */ = {isa = PBXBuildFile; fileRef = 79C09E5625E7E7630045CF6C /* ViewController.swift */; };
		79C09E5A25E7E7630045CF6C /* Main.storyboard in Resources */ = {isa = PBXBuildFile; fileRef = 79C09E5825E7E7630045CF6C /* Main.storyboard */; };
		79C09E5D25E7E7630045CF6C /* TraitsTest.xcdatamodeld in Sources */ = {isa = PBXBuildFile; fileRef = 79C09E5B25E7E7630045CF6C /* TraitsTest.xcdatamodeld */; };
		79C09E5F25E7E7680045CF6C /* Assets.xcassets in Resources */ = {isa = PBXBuildFile; fileRef = 79C09E5E25E7E7680045CF6C /* Assets.xcassets */; };
		79C09E6225E7E7680045CF6C /* LaunchScreen.storyboard in Resources */ = {isa = PBXBuildFile; fileRef = 79C09E6025E7E7680045CF6C /* LaunchScreen.storyboard */; };
		79C09E6D25E7E7680045CF6C /* TraitsTestTests.swift in Sources */ = {isa = PBXBuildFile; fileRef = 79C09E6C25E7E7680045CF6C /* TraitsTestTests.swift */; };
		79C09E7825E7E7690045CF6C /* TraitsTestUITests.swift in Sources */ = {isa = PBXBuildFile; fileRef = 79C09E7725E7E7690045CF6C /* TraitsTestUITests.swift */; };
/* End PBXBuildFile section */

/* Begin PBXContainerItemProxy section */
		79C09E6925E7E7680045CF6C /* PBXContainerItemProxy */ = {
			isa = PBXContainerItemProxy;
			containerPortal = 79C09E4725E7E7630045CF6C /* Project object */;
			proxyType = 1;
			remoteGlobalIDString = 79C09E4E25E7E7630045CF6C;
			remoteInfo = TraitsTest;
		};
		79C09E7425E7E7690045CF6C /* PBXContainerItemProxy */ = {
			isa = PBXContainerItemProxy;
			containerPortal = 79C09E4725E7E7630045CF6C /* Project object */;
			proxyType = 1;
			remoteGlobalIDString = 79C09E4E25E7E7630045CF6C;
			remoteInfo = TraitsTest;
		};
/* End PBXContainerItemProxy section */

/* Begin PBXFileReference section */
		79C09E4F25E7E7630045CF6C /* TraitsTest.app */ = {isa = PBXFileReference; explicitFileType = wrapper.application; includeInIndex = 0; path = TraitsTest.app; sourceTree = BUILT_PRODUCTS_DIR; };
		79C09E5225E7E7630045CF6C /* AppDelegate.swift */ = {isa = PBXFileReference; lastKnownFileType = sourcecode.swift; path = AppDelegate.swift; sourceTree = "<group>"; };
		79C09E5425E7E7630045CF6C /* SceneDelegate.swift */ = {isa = PBXFileReference; lastKnownFileType = sourcecode.swift; path = SceneDelegate.swift; sourceTree = "<group>"; };
		79C09E5625E7E7630045CF6C /* ViewController.swift */ = {isa = PBXFileReference; lastKnownFileType = sourcecode.swift; path = ViewController.swift; sourceTree = "<group>"; };
		79C09E5925E7E7630045CF6C /* Base */ = {isa = PBXFileReference; lastKnownFileType = file.storyboard; name = Base; path = Base.lproj/Main.storyboard; sourceTree = "<group>"; };
		79C09E5C25E7E7630045CF6C /* TraitsTest.xcdatamodel */ = {isa = PBXFileReference; lastKnownFileType = wrapper.xcdatamodel; path = TraitsTest.xcdatamodel; sourceTree = "<group>"; };
		79C09E5E25E7E7680045CF6C /* Assets.xcassets */ = {isa = PBXFileReference; lastKnownFileType = folder.assetcatalog; path = Assets.xcassets; sourceTree = "<group>"; };
		79C09E6125E7E7680045CF6C /* Base */ = {isa = PBXFileReference; lastKnownFileType = file.storyboard; name = Base; path = Base.lproj/LaunchScreen.storyboard; sourceTree = "<group>"; };
		79C09E6325E7E7680045CF6C /* Info.plist */ = {isa = PBXFileReference; lastKnownFileType = text.plist.xml; path = Info.plist; sourceTree = "<group>"; };
		79C09E6825E7E7680045CF6C /* TraitsTestTests.xctest */ = {isa = PBXFileReference; explicitFileType = wrapper.cfbundle; includeInIndex = 0; path = TraitsTestTests.xctest; sourceTree = BUILT_PRODUCTS_DIR; };
		79C09E6C25E7E7680045CF6C /* TraitsTestTests.swift */ = {isa = PBXFileReference; lastKnownFileType = sourcecode.swift; path = TraitsTestTests.swift; sourceTree = "<group>"; };
		79C09E6E25E7E7680045CF6C /* Info.plist */ = {isa = PBXFileReference; lastKnownFileType = text.plist.xml; path = Info.plist; sourceTree = "<group>"; };
		79C09E7325E7E7680045CF6C /* TraitsTestUITests.xctest */ = {isa = PBXFileReference; explicitFileType = wrapper.cfbundle; includeInIndex = 0; path = TraitsTestUITests.xctest; sourceTree = BUILT_PRODUCTS_DIR; };
		79C09E7725E7E7690045CF6C /* TraitsTestUITests.swift */ = {isa = PBXFileReference; lastKnownFileType = sourcecode.swift; path = TraitsTestUITests.swift; sourceTree = "<group>"; };
		79C09E7925E7E7690045CF6C /* Info.plist */ = {isa = PBXFileReference; lastKnownFileType = text.plist.xml; path = Info.plist; sourceTree = "<group>"; };
/* End PBXFileReference section */

/* Begin PBXFrameworksBuildPhase section */
		79C09E4C25E7E7630045CF6C /* Frameworks */ = {
			isa = PBXFrameworksBuildPhase;
			buildActionMask = 2147483647;
			files = (
			);
			runOnlyForDeploymentPostprocessing = 0;
		};
		79C09E6525E7E7680045CF6C /* Frameworks */ = {
			isa = PBXFrameworksBuildPhase;
			buildActionMask = 2147483647;
			files = (
			);
			runOnlyForDeploymentPostprocessing = 0;
		};
		79C09E7025E7E7680045CF6C /* Frameworks */ = {
			isa = PBXFrameworksBuildPhase;
			buildActionMask = 2147483647;
			files = (
			);
			runOnlyForDeploymentPostprocessing = 0;
		};
/* End PBXFrameworksBuildPhase section */

/* Begin PBXGroup section */
		79C09E4625E7E7630045CF6C = {
			isa = PBXGroup;
			children = (
				79C09E5125E7E7630045CF6C /* TraitsTest */,
				79C09E6B25E7E7680045CF6C /* TraitsTestTests */,
				79C09E7625E7E7690045CF6C /* TraitsTestUITests */,
				79C09E5025E7E7630045CF6C /* Products */,
			);
			sourceTree = "<group>";
		};
		79C09E5025E7E7630045CF6C /* Products */ = {
			isa = PBXGroup;
			children = (
				79C09E4F25E7E7630045CF6C /* TraitsTest.app */,
				79C09E6825E7E7680045CF6C /* TraitsTestTests.xctest */,
				79C09E7325E7E7680045CF6C /* TraitsTestUITests.xctest */,
			);
			name = Products;
			sourceTree = "<group>";
		};
		79C09E5125E7E7630045CF6C /* TraitsTest */ = {
			isa = PBXGroup;
			children = (
				79C09E5225E7E7630045CF6C /* AppDelegate.swift */,
				79C09E5425E7E7630045CF6C /* SceneDelegate.swift */,
				79C09E5625E7E7630045CF6C /* ViewController.swift */,
				79C09E5825E7E7630045CF6C /* Main.storyboard */,
				79C09E5E25E7E7680045CF6C /* Assets.xcassets */,
				79C09E6025E7E7680045CF6C /* LaunchScreen.storyboard */,
				79C09E6325E7E7680045CF6C /* Info.plist */,
				79C09E5B25E7E7630045CF6C /* TraitsTest.xcdatamodeld */,
			);
			path = TraitsTest;
			sourceTree = "<group>";
		};
		79C09E6B25E7E7680045CF6C /* TraitsTestTests */ = {
			isa = PBXGroup;
			children = (
				79C09E6C25E7E7680045CF6C /* TraitsTestTests.swift */,
				79C09E6E25E7E7680045CF6C /* Info.plist */,
			);
			path = TraitsTestTests;
			sourceTree = "<group>";
		};
		79C09E7625E7E7690045CF6C /* TraitsTestUITests */ = {
			isa = PBXGroup;
			children = (
				79C09E7725E7E7690045CF6C /* TraitsTestUITests.swift */,
				79C09E7925E7E7690045CF6C /* Info.plist */,
			);
			path = TraitsTestUITests;
			sourceTree = "<group>";
		};
/* End PBXGroup section */

/* Begin PBXNativeTarget section */
		79C09E4E25E7E7630045CF6C /* TraitsTest */ = {
			isa = PBXNativeTarget;
			buildConfigurationList = 79C09E7C25E7E7690045CF6C /* Build configuration list for PBXNativeTarget "TraitsTest" */;
			buildPhases = (
				79C09E4B25E7E7630045CF6C /* Sources */,
				79C09E4C25E7E7630045CF6C /* Frameworks */,
				79C09E4D25E7E7630045CF6C /* Resources */,
			);
			buildRules = (
			);
			dependencies = (
			);
			name = TraitsTest;
			productName = TraitsTest;
			productReference = 79C09E4F25E7E7630045CF6C /* TraitsTest.app */;
			productType = "com.apple.product-type.application";
		};
		79C09E6725E7E7680045CF6C /* TraitsTestTests */ = {
			isa = PBXNativeTarget;
			buildConfigurationList = 79C09E7F25E7E7690045CF6C /* Build configuration list for PBXNativeTarget "TraitsTestTests" */;
			buildPhases = (
				79C09E6425E7E7680045CF6C /* Sources */,
				79C09E6525E7E7680045CF6C /* Frameworks */,
				79C09E6625E7E7680045CF6C /* Resources */,
			);
			buildRules = (
			);
			dependencies = (
				79C09E6A25E7E7680045CF6C /* PBXTargetDependency */,
			);
			name = TraitsTestTests;
			productName = TraitsTestTests;
			productReference = 79C09E6825E7E7680045CF6C /* TraitsTestTests.xctest */;
			productType = "com.apple.product-type.bundle.unit-test";
		};
		79C09E7225E7E7680045CF6C /* TraitsTestUITests */ = {
			isa = PBXNativeTarget;
			buildConfigurationList = 79C09E8225E7E7690045CF6C /* Build configuration list for PBXNativeTarget "TraitsTestUITests" */;
			buildPhases = (
				79C09E6F25E7E7680045CF6C /* Sources */,
				79C09E7025E7E7680045CF6C /* Frameworks */,
				79C09E7125E7E7680045CF6C /* Resources */,
			);
			buildRules = (
			);
			dependencies = (
				79C09E7525E7E7690045CF6C /* PBXTargetDependency */,
			);
			name = TraitsTestUITests;
			productName = TraitsTestUITests;
			productReference = 79C09E7325E7E7680045CF6C /* TraitsTestUITests.xctest */;
			productType = "com.apple.product-type.bundle.ui-testing";
		};
/* End PBXNativeTarget section */

/* Begin PBXProject section */
		79C09E4725E7E7630045CF6C /* Project object */ = {
			isa = PBXProject;
			attributes = {
				LastSwiftUpdateCheck = 1230;
				LastUpgradeCheck = 1230;
				TargetAttributes = {
					79C09E4E25E7E7630045CF6C = {
						CreatedOnToolsVersion = 12.3;
					};
					79C09E6725E7E7680045CF6C = {
						CreatedOnToolsVersion = 12.3;
						TestTargetID = 79C09E4E25E7E7630045CF6C;
					};
					79C09E7225E7E7680045CF6C = {
						CreatedOnToolsVersion = 12.3;
						TestTargetID = 79C09E4E25E7E7630045CF6C;
					};
				};
			};
			buildConfigurationList = 79C09E4A25E7E7630045CF6C /* Build configuration list for PBXProject "TraitsTest" */;
			compatibilityVersion = "Xcode 9.3";
			developmentRegion = en;
			hasScannedForEncodings = 0;
			knownRegions = (
				en,
				Base,
			);
			mainGroup = 79C09E4625E7E7630045CF6C;
			productRefGroup = 79C09E5025E7E7630045CF6C /* Products */;
			projectDirPath = "";
			projectRoot = "";
			targets = (
				79C09E4E25E7E7630045CF6C /* TraitsTest */,
				79C09E6725E7E7680045CF6C /* TraitsTestTests */,
				79C09E7225E7E7680045CF6C /* TraitsTestUITests */,
			);
		};
/* End PBXProject section */

/* Begin PBXResourcesBuildPhase section */
		79C09E4D25E7E7630045CF6C /* Resources */ = {
			isa = PBXResourcesBuildPhase;
			buildActionMask = 2147483647;
			files = (
				79C09E6225E7E7680045CF6C /* LaunchScreen.storyboard in Resources */,
				79C09E5F25E7E7680045CF6C /* Assets.xcassets in Resources */,
				79C09E5A25E7E7630045CF6C /* Main.storyboard in Resources */,
			);
			runOnlyForDeploymentPostprocessing = 0;
		};
		79C09E6625E7E7680045CF6C /* Resources */ = {
			isa = PBXResourcesBuildPhase;
			buildActionMask = 2147483647;
			files = (
			);
			runOnlyForDeploymentPostprocessing = 0;
		};
		79C09E7125E7E7680045CF6C /* Resources */ = {
			isa = PBXResourcesBuildPhase;
			buildActionMask = 2147483647;
			files = (
			);
			runOnlyForDeploymentPostprocessing = 0;
		};
/* End PBXResourcesBuildPhase section */

/* Begin PBXSourcesBuildPhase section */
		79C09E4B25E7E7630045CF6C /* Sources */ = {
			isa = PBXSourcesBuildPhase;
			buildActionMask = 2147483647;
			files = (
				79C09E5725E7E7630045CF6C /* ViewController.swift in Sources */,
				79C09E5325E7E7630045CF6C /* AppDelegate.swift in Sources */,
				79C09E5D25E7E7630045CF6C /* TraitsTest.xcdatamodeld in Sources */,
				79C09E5525E7E7630045CF6C /* SceneDelegate.swift in Sources */,
			);
			runOnlyForDeploymentPostprocessing = 0;
		};
		79C09E6425E7E7680045CF6C /* Sources */ = {
			isa = PBXSourcesBuildPhase;
			buildActionMask = 2147483647;
			files = (
				79C09E6D25E7E7680045CF6C /* TraitsTestTests.swift in Sources */,
			);
			runOnlyForDeploymentPostprocessing = 0;
		};
		79C09E6F25E7E7680045CF6C /* Sources */ = {
			isa = PBXSourcesBuildPhase;
			buildActionMask = 2147483647;
			files = (
				79C09E7825E7E7690045CF6C /* TraitsTestUITests.swift in Sources */,
			);
			runOnlyForDeploymentPostprocessing = 0;
		};
/* End PBXSourcesBuildPhase section */

/* Begin PBXTargetDependency section */
		79C09E6A25E7E7680045CF6C /* PBXTargetDependency */ = {
			isa = PBXTargetDependency;
			target = 79C09E4E25E7E7630045CF6C /* TraitsTest */;
			targetProxy = 79C09E6925E7E7680045CF6C /* PBXContainerItemProxy */;
		};
		79C09E7525E7E7690045CF6C /* PBXTargetDependency */ = {
			isa = PBXTargetDependency;
			target = 79C09E4E25E7E7630045CF6C /* TraitsTest */;
			targetProxy = 79C09E7425E7E7690045CF6C /* PBXContainerItemProxy */;
		};
/* End PBXTargetDependency section */

/* Begin PBXVariantGroup section */
		79C09E5825E7E7630045CF6C /* Main.storyboard */ = {
			isa = PBXVariantGroup;
			children = (
				79C09E5925E7E7630045CF6C /* Base */,
			);
			name = Main.storyboard;
			sourceTree = "<group>";
		};
		79C09E6025E7E7680045CF6C /* LaunchScreen.storyboard */ = {
			isa = PBXVariantGroup;
			children = (
				79C09E6125E7E7680045CF6C /* Base */,
			);
			name = LaunchScreen.storyboard;
			sourceTree = "<group>";
		};
/* End PBXVariantGroup section */

/* Begin XCBuildConfiguration section */
		79C09E7A25E7E7690045CF6C /* Debug */ = {
			isa = XCBuildConfiguration;
			buildSettings = {
				ALWAYS_SEARCH_USER_PATHS = NO;
				CLANG_ANALYZER_NONNULL = YES;
				CLANG_ANALYZER_NUMBER_OBJECT_CONVERSION = YES_AGGRESSIVE;
				CLANG_CXX_LANGUAGE_STANDARD = "gnu++14";
				CLANG_CXX_LIBRARY = "libc++";
				CLANG_ENABLE_MODULES = YES;
				CLANG_ENABLE_OBJC_ARC = YES;
				CLANG_ENABLE_OBJC_WEAK = YES;
				CLANG_WARN_BLOCK_CAPTURE_AUTORELEASING = YES;
				CLANG_WARN_BOOL_CONVERSION = YES;
				CLANG_WARN_COMMA = YES;
				CLANG_WARN_CONSTANT_CONVERSION = YES;
				CLANG_WARN_DEPRECATED_OBJC_IMPLEMENTATIONS = YES;
				CLANG_WARN_DIRECT_OBJC_ISA_USAGE = YES_ERROR;
				CLANG_WARN_DOCUMENTATION_COMMENTS = YES;
				CLANG_WARN_EMPTY_BODY = YES;
				CLANG_WARN_ENUM_CONVERSION = YES;
				CLANG_WARN_INFINITE_RECURSION = YES;
				CLANG_WARN_INT_CONVERSION = YES;
				CLANG_WARN_NON_LITERAL_NULL_CONVERSION = YES;
				CLANG_WARN_OBJC_IMPLICIT_RETAIN_SELF = YES;
				CLANG_WARN_OBJC_LITERAL_CONVERSION = YES;
				CLANG_WARN_OBJC_ROOT_CLASS = YES_ERROR;
				CLANG_WARN_QUOTED_INCLUDE_IN_FRAMEWORK_HEADER = YES;
				CLANG_WARN_RANGE_LOOP_ANALYSIS = YES;
				CLANG_WARN_STRICT_PROTOTYPES = YES;
				CLANG_WARN_SUSPICIOUS_MOVE = YES;
				CLANG_WARN_UNGUARDED_AVAILABILITY = YES_AGGRESSIVE;
				CLANG_WARN_UNREACHABLE_CODE = YES;
				CLANG_WARN__DUPLICATE_METHOD_MATCH = YES;
				COPY_PHASE_STRIP = NO;
				DEBUG_INFORMATION_FORMAT = dwarf;
				ENABLE_STRICT_OBJC_MSGSEND = YES;
				ENABLE_TESTABILITY = YES;
				GCC_C_LANGUAGE_STANDARD = gnu11;
				GCC_DYNAMIC_NO_PIC = NO;
				GCC_NO_COMMON_BLOCKS = YES;
				GCC_OPTIMIZATION_LEVEL = 0;
				GCC_PREPROCESSOR_DEFINITIONS = (
					"DEBUG=1",
					"$(inherited)",
				);
				GCC_WARN_64_TO_32_BIT_CONVERSION = YES;
				GCC_WARN_ABOUT_RETURN_TYPE = YES_ERROR;
				GCC_WARN_UNDECLARED_SELECTOR = YES;
				GCC_WARN_UNINITIALIZED_AUTOS = YES_AGGRESSIVE;
				GCC_WARN_UNUSED_FUNCTION = YES;
				GCC_WARN_UNUSED_VARIABLE = YES;
				IPHONEOS_DEPLOYMENT_TARGET = 14.3;
				MTL_ENABLE_DEBUG_INFO = INCLUDE_SOURCE;
				MTL_FAST_MATH = YES;
				ONLY_ACTIVE_ARCH = YES;
				SDKROOT = iphoneos;
				SWIFT_ACTIVE_COMPILATION_CONDITIONS = DEBUG;
				SWIFT_OPTIMIZATION_LEVEL = "-Onone";
			};
			name = Debug;
		};
		79C09E7B25E7E7690045CF6C /* Release */ = {
			isa = XCBuildConfiguration;
			buildSettings = {
				ALWAYS_SEARCH_USER_PATHS = NO;
				CLANG_ANALYZER_NONNULL = YES;
				CLANG_ANALYZER_NUMBER_OBJECT_CONVERSION = YES_AGGRESSIVE;
				CLANG_CXX_LANGUAGE_STANDARD = "gnu++14";
				CLANG_CXX_LIBRARY = "libc++";
				CLANG_ENABLE_MODULES = YES;
				CLANG_ENABLE_OBJC_ARC = YES;
				CLANG_ENABLE_OBJC_WEAK = YES;
				CLANG_WARN_BLOCK_CAPTURE_AUTORELEASING = YES;
				CLANG_WARN_BOOL_CONVERSION = YES;
				CLANG_WARN_COMMA = YES;
				CLANG_WARN_CONSTANT_CONVERSION = YES;
				CLANG_WARN_DEPRECATED_OBJC_IMPLEMENTATIONS = YES;
				CLANG_WARN_DIRECT_OBJC_ISA_USAGE = YES_ERROR;
				CLANG_WARN_DOCUMENTATION_COMMENTS = YES;
				CLANG_WARN_EMPTY_BODY = YES;
				CLANG_WARN_ENUM_CONVERSION = YES;
				CLANG_WARN_INFINITE_RECURSION = YES;
				CLANG_WARN_INT_CONVERSION = YES;
				CLANG_WARN_NON_LITERAL_NULL_CONVERSION = YES;
				CLANG_WARN_OBJC_IMPLICIT_RETAIN_SELF = YES;
				CLANG_WARN_OBJC_LITERAL_CONVERSION = YES;
				CLANG_WARN_OBJC_ROOT_CLASS = YES_ERROR;
				CLANG_WARN_QUOTED_INCLUDE_IN_FRAMEWORK_HEADER = YES;
				CLANG_WARN_RANGE_LOOP_ANALYSIS = YES;
				CLANG_WARN_STRICT_PROTOTYPES = YES;
				CLANG_WARN_SUSPICIOUS_MOVE = YES;
				CLANG_WARN_UNGUARDED_AVAILABILITY = YES_AGGRESSIVE;
				CLANG_WARN_UNREACHABLE_CODE = YES;
				CLANG_WARN__DUPLICATE_METHOD_MATCH = YES;
				COPY_PHASE_STRIP = NO;
				DEBUG_INFORMATION_FORMAT = "dwarf-with-dsym";
				ENABLE_NS_ASSERTIONS = NO;
				ENABLE_STRICT_OBJC_MSGSEND = YES;
				GCC_C_LANGUAGE_STANDARD = gnu11;
				GCC_NO_COMMON_BLOCKS = YES;
				GCC_WARN_64_TO_32_BIT_CONVERSION = YES;
				GCC_WARN_ABOUT_RETURN_TYPE = YES_ERROR;
				GCC_WARN_UNDECLARED_SELECTOR = YES;
				GCC_WARN_UNINITIALIZED_AUTOS = YES_AGGRESSIVE;
				GCC_WARN_UNUSED_FUNCTION = YES;
				GCC_WARN_UNUSED_VARIABLE = YES;
				IPHONEOS_DEPLOYMENT_TARGET = 14.3;
				MTL_ENABLE_DEBUG_INFO = NO;
				MTL_FAST_MATH = YES;
				SDKROOT = iphoneos;
				SWIFT_COMPILATION_MODE = wholemodule;
				SWIFT_OPTIMIZATION_LEVEL = "-O";
				VALIDATE_PRODUCT = YES;
			};
			name = Release;
		};
		79C09E7D25E7E7690045CF6C /* Debug */ = {
			isa = XCBuildConfiguration;
			buildSettings = {
				ASSETCATALOG_COMPILER_APPICON_NAME = AppIcon;
				ASSETCATALOG_COMPILER_GLOBAL_ACCENT_COLOR_NAME = AccentColor;
				CODE_SIGN_STYLE = Automatic;
				DEVELOPMENT_TEAM = BY575KUK4V;
				INFOPLIST_FILE = TraitsTest/Info.plist;
				LD_RUNPATH_SEARCH_PATHS = (
					"$(inherited)",
					"@executable_path/Frameworks",
				);
				PRODUCT_BUNDLE_IDENTIFIER = fabio.TraitsTest;
				PRODUCT_NAME = "$(TARGET_NAME)";
				SWIFT_VERSION = 5.0;
				TARGETED_DEVICE_FAMILY = "1,2";
			};
			name = Debug;
		};
		79C09E7E25E7E7690045CF6C /* Release */ = {
			isa = XCBuildConfiguration;
			buildSettings = {
				ASSETCATALOG_COMPILER_APPICON_NAME = AppIcon;
				ASSETCATALOG_COMPILER_GLOBAL_ACCENT_COLOR_NAME = AccentColor;
				CODE_SIGN_STYLE = Automatic;
				DEVELOPMENT_TEAM = BY575KUK4V;
				INFOPLIST_FILE = TraitsTest/Info.plist;
				LD_RUNPATH_SEARCH_PATHS = (
					"$(inherited)",
					"@executable_path/Frameworks",
				);
				PRODUCT_BUNDLE_IDENTIFIER = fabio.TraitsTest;
				PRODUCT_NAME = "$(TARGET_NAME)";
				SWIFT_VERSION = 5.0;
				TARGETED_DEVICE_FAMILY = "1,2";
			};
			name = Release;
		};
		79C09E8025E7E7690045CF6C /* Debug */ = {
			isa = XCBuildConfiguration;
			buildSettings = {
				ALWAYS_EMBED_SWIFT_STANDARD_LIBRARIES = YES;
				BUNDLE_LOADER = "$(TEST_HOST)";
				CODE_SIGN_STYLE = Automatic;
				DEVELOPMENT_TEAM = BY575KUK4V;
				INFOPLIST_FILE = TraitsTestTests/Info.plist;
				IPHONEOS_DEPLOYMENT_TARGET = 14.3;
				LD_RUNPATH_SEARCH_PATHS = (
					"$(inherited)",
					"@executable_path/Frameworks",
					"@loader_path/Frameworks",
				);
				PRODUCT_BUNDLE_IDENTIFIER = fabio.TraitsTestTests;
				PRODUCT_NAME = "$(TARGET_NAME)";
				SWIFT_VERSION = 5.0;
				TARGETED_DEVICE_FAMILY = "1,2";
				TEST_HOST = "$(BUILT_PRODUCTS_DIR)/TraitsTest.app/TraitsTest";
			};
			name = Debug;
		};
		79C09E8125E7E7690045CF6C /* Release */ = {
			isa = XCBuildConfiguration;
			buildSettings = {
				ALWAYS_EMBED_SWIFT_STANDARD_LIBRARIES = YES;
				BUNDLE_LOADER = "$(TEST_HOST)";
				CODE_SIGN_STYLE = Automatic;
				DEVELOPMENT_TEAM = BY575KUK4V;
				INFOPLIST_FILE = TraitsTestTests/Info.plist;
				IPHONEOS_DEPLOYMENT_TARGET = 14.3;
				LD_RUNPATH_SEARCH_PATHS = (
					"$(inherited)",
					"@executable_path/Frameworks",
					"@loader_path/Frameworks",
				);
				PRODUCT_BUNDLE_IDENTIFIER = fabio.TraitsTestTests;
				PRODUCT_NAME = "$(TARGET_NAME)";
				SWIFT_VERSION = 5.0;
				TARGETED_DEVICE_FAMILY = "1,2";
				TEST_HOST = "$(BUILT_PRODUCTS_DIR)/TraitsTest.app/TraitsTest";
			};
			name = Release;
		};
		79C09E8325E7E7690045CF6C /* Debug */ = {
			isa = XCBuildConfiguration;
			buildSettings = {
				ALWAYS_EMBED_SWIFT_STANDARD_LIBRARIES = YES;
				CODE_SIGN_STYLE = Automatic;
				DEVELOPMENT_TEAM = BY575KUK4V;
				INFOPLIST_FILE = TraitsTestUITests/Info.plist;
				LD_RUNPATH_SEARCH_PATHS = (
					"$(inherited)",
					"@executable_path/Frameworks",
					"@loader_path/Frameworks",
				);
				PRODUCT_BUNDLE_IDENTIFIER = fabio.TraitsTestUITests;
				PRODUCT_NAME = "$(TARGET_NAME)";
				SWIFT_VERSION = 5.0;
				TARGETED_DEVICE_FAMILY = "1,2";
				TEST_TARGET_NAME = TraitsTest;
			};
			name = Debug;
		};
		79C09E8425E7E7690045CF6C /* Release */ = {
			isa = XCBuildConfiguration;
			buildSettings = {
				ALWAYS_EMBED_SWIFT_STANDARD_LIBRARIES = YES;
				CODE_SIGN_STYLE = Automatic;
				DEVELOPMENT_TEAM = BY575KUK4V;
				INFOPLIST_FILE = TraitsTestUITests/Info.plist;
				LD_RUNPATH_SEARCH_PATHS = (
					"$(inherited)",
					"@executable_path/Frameworks",
					"@loader_path/Frameworks",
				);
				PRODUCT_BUNDLE_IDENTIFIER = fabio.TraitsTestUITests;
				PRODUCT_NAME = "$(TARGET_NAME)";
				SWIFT_VERSION = 5.0;
				TARGETED_DEVICE_FAMILY = "1,2";
				TEST_TARGET_NAME = TraitsTest;
			};
			name = Release;
		};
/* End XCBuildConfiguration section */

/* Begin XCConfigurationList section */
		79C09E4A25E7E7630045CF6C /* Build configuration list for PBXProject "TraitsTest" */ = {
			isa = XCConfigurationList;
			buildConfigurations = (
				79C09E7A25E7E7690045CF6C /* Debug */,
				79C09E7B25E7E7690045CF6C /* Release */,
			);
			defaultConfigurationIsVisible = 0;
			defaultConfigurationName = Release;
		};
		79C09E7C25E7E7690045CF6C /* Build configuration list for PBXNativeTarget "TraitsTest" */ = {
			isa = XCConfigurationList;
			buildConfigurations = (
				79C09E7D25E7E7690045CF6C /* Debug */,
				79C09E7E25E7E7690045CF6C /* Release */,
			);
			defaultConfigurationIsVisible = 0;
			defaultConfigurationName = Release;
		};
		79C09E7F25E7E7690045CF6C /* Build configuration list for PBXNativeTarget "TraitsTestTests" */ = {
			isa = XCConfigurationList;
			buildConfigurations = (
				79C09E8025E7E7690045CF6C /* Debug */,
				79C09E8125E7E7690045CF6C /* Release */,
			);
			defaultConfigurationIsVisible = 0;
			defaultConfigurationName = Release;
		};
		79C09E8225E7E7690045CF6C /* Build configuration list for PBXNativeTarget "TraitsTestUITests" */ = {
			isa = XCConfigurationList;
			buildConfigurations = (
				79C09E8325E7E7690045CF6C /* Debug */,
				79C09E8425E7E7690045CF6C /* Release */,
			);
			defaultConfigurationIsVisible = 0;
			defaultConfigurationName = Release;
		};
/* End XCConfigurationList section */

/* Begin XCVersionGroup section */
		79C09E5B25E7E7630045CF6C /* TraitsTest.xcdatamodeld */ = {
			isa = XCVersionGroup;
			children = (
				79C09E5C25E7E7630045CF6C /* TraitsTest.xcdatamodel */,
			);
			currentVersion = 79C09E5C25E7E7630045CF6C /* TraitsTest.xcdatamodel */;
			path = TraitsTest.xcdatamodeld;
			sourceTree = "<group>";
			versionGroupType = wrapper.xcdatamodel;
		};
/* End XCVersionGroup section */
	};
	rootObject = 79C09E4725E7E7630045CF6C /* Project object */;
}
